
Microsoft Visual Studio Solution File, Format Version 12.00
# Visual Studio 2013
VisualStudioVersion = 12.0.21005.1
MinimumVisualStudioVersion = 10.0.40219.1
Project("{E24C65DC-7377-472B-9ABA-BC803B73C61A}") = "onlinebike", "http://localhost:8246", "{1C8E7FE2-8A7D-4499-9DD5-B7C94034C5F5}"
	ProjectSection(WebsiteProperties) = preProject
		UseIISExpress = "true"
		TargetFrameworkMoniker = ".NETFramework,Version%3Dv4.0"
		Debug.AspNetCompiler.VirtualPath = "/localhost_8246"
		Debug.AspNetCompiler.PhysicalPath = "onlinebikeshopping\onlinebike\"
		Debug.AspNetCompiler.TargetPath = "PrecompiledWeb\localhost_8246\"
		Debug.AspNetCompiler.Updateable = "true"
		Debug.AspNetCompiler.ForceOverwrite = "true"
		Debug.AspNetCompiler.FixedNames = "false"
		Debug.AspNetCompiler.Debug = "True"
		Release.AspNetCompiler.VirtualPath = "/localhost_8246"
		Release.AspNetCompiler.PhysicalPath = "onlinebikeshopping\onlinebike\"
		Release.AspNetCompiler.TargetPath = "PrecompiledWeb\localhost_8246\"
		Release.AspNetCompiler.Updateable = "true"
		Release.AspNetCompiler.ForceOverwrite = "true"
		Release.AspNetCompiler.FixedNames = "false"
		Release.AspNetCompiler.Debug = "False"
		SlnRelativePath = "onlinebikeshopping\onlinebike\"
		DefaultWebSiteLanguage = "Visual C#"
	EndProjectSection
EndProject
Global
	GlobalSection(SolutionConfigurationPlatforms) = preSolution
		Debug|Any CPU = Debug|Any CPU
		Release|Any CPU = Release|Any CPU
	EndGlobalSection
	GlobalSection(ProjectConfigurationPlatforms) = postSolution
		{1C8E7FE2-8A7D-4499-9DD5-B7C94034C5F5}.Debug|Any CPU.ActiveCfg = Debug|Any CPU
		{1C8E7FE2-8A7D-4499-9DD5-B7C94034C5F5}.Debug|Any CPU.Build.0 = Debug|Any CPU
		{1C8E7FE2-8A7D-4499-9DD5-B7C94034C5F5}.Release|Any CPU.ActiveCfg = Debug|Any CPU
		{1C8E7FE2-8A7D-4499-9DD5-B7C94034C5F5}.Release|Any CPU.Build.0 = Debug|Any CPU
	EndGlobalSection
	GlobalSection(SolutionProperties) = preSolution
		HideSolutionNode = FALSE
	EndGlobalSection
EndGlobal
